
Microsoft Visual Studio Solution File, Format Version 12.00
# Visual Studio Version 16
VisualStudioVersion = 16.0.31729.503
MinimumVisualStudioVersion = 10.0.40219.1
Project("{FAE04EC0-301F-11D3-BF4B-00C04F79EFBC}") = "HW03_09156213", "HW03_09156213\HW03_09156213.csproj", "{2B218B1F-FD6A-45B3-A500-9B751F25803F}"
EndProject
Global
	GlobalSection(SolutionConfigurationPlatforms) = preSolution
		Debug|Any CPU = Debug|Any CPU
		Release|Any CPU = Release|Any CPU
	EndGlobalSection
	GlobalSection(ProjectConfigurationPlatforms) = postSolution
		{2B218B1F-FD6A-45B3-A500-9B751F25803F}.Debug|Any CPU.ActiveCfg = Debug|Any CPU
		{2B218B1F-FD6A-45B3-A500-9B751F25803F}.Debug|Any CPU.Build.0 = Debug|Any CPU
		{2B218B1F-FD6A-45B3-A500-9B751F25803F}.Release|Any CPU.ActiveCfg = Release|Any CPU
		{2B218B1F-FD6A-45B3-A500-9B751F25803F}.Release|Any CPU.Build.0 = Release|Any CPU
	EndGlobalSection
	GlobalSection(SolutionProperties) = preSolution
		HideSolutionNode = FALSE
	EndGlobalSection
	GlobalSection(ExtensibilityGlobals) = postSolution
		SolutionGuid = {CC9DB471-A7FE-49B4-81EB-ECF7CEC9A338}
	EndGlobalSection
EndGlobal
